
Microsoft Visual Studio Solution File, Format Version 12.00
# Visual Studio Version 16
VisualStudioVersion = 16.0.30804.86
MinimumVisualStudioVersion = 10.0.40219.1
Project("{9092AA53-FB77-4645-B42D-1CCCA6BD08BD}") = "AppliedStatistics", "AppliedStatistics.njsproj", "{1ADDE3E1-2C7B-4356-B6F6-C95F2F5355ED}"
EndProject
Global
	GlobalSection(SolutionConfigurationPlatforms) = preSolution
		Debug|Any CPU = Debug|Any CPU
		Release|Any CPU = Release|Any CPU
	EndGlobalSection
	GlobalSection(ProjectConfigurationPlatforms) = postSolution
		{1ADDE3E1-2C7B-4356-B6F6-C95F2F5355ED}.Debug|Any CPU.ActiveCfg = Debug|Any CPU
		{1ADDE3E1-2C7B-4356-B6F6-C95F2F5355ED}.Debug|Any CPU.Build.0 = Debug|Any CPU
		{1ADDE3E1-2C7B-4356-B6F6-C95F2F5355ED}.Release|Any CPU.ActiveCfg = Release|Any CPU
		{1ADDE3E1-2C7B-4356-B6F6-C95F2F5355ED}.Release|Any CPU.Build.0 = Release|Any CPU
	EndGlobalSection
	GlobalSection(SolutionProperties) = preSolution
		HideSolutionNode = FALSE
	EndGlobalSection
	GlobalSection(ExtensibilityGlobals) = postSolution
		SolutionGuid = {D1502AE1-79CB-4A69-98AA-6C1D24298F98}
	EndGlobalSection
EndGlobal
